
Microsoft Visual Studio Solution File, Format Version 11.00
# Visual Studio 2010
Project("{FAE04EC0-301F-11D3-BF4B-00C04F79EFBC}") = "SocialGames.WorkerNodeJs", "SocialGames.WorkerNodeJs\SocialGames.WorkerNodeJs.csproj", "{29CB5209-0D31-41CA-B74E-9BBDCD02C70D}"
EndProject
Project("{CC5FD16D-436D-48AD-A40C-5A424C6E3E79}") = "SocialGames.Cloud", "SocialGames.Cloud\SocialGames.Cloud.ccproj", "{DBABC896-3BE3-45D5-87D9-636E7B7B872A}"
EndProject
Project("{E24C65DC-7377-472B-9ABA-BC803B73C61A}") = "SocialGames.Web", "SocialGames.Web\", "{52327E55-8D44-4777-9B46-F6E40EA183AB}"
	ProjectSection(WebsiteProperties) = preProject
		TargetFrameworkMoniker = ".NETFramework,Version%3Dv4.0"
		Debug.AspNetCompiler.VirtualPath = "/SocialGames.Web"
		Debug.AspNetCompiler.PhysicalPath = "SocialGames.Web\"
		Debug.AspNetCompiler.TargetPath = "PrecompiledWeb\SocialGames.Web\"
		Debug.AspNetCompiler.Updateable = "true"
		Debug.AspNetCompiler.ForceOverwrite = "true"
		Debug.AspNetCompiler.FixedNames = "false"
		Debug.AspNetCompiler.Debug = "True"
		Release.AspNetCompiler.VirtualPath = "/SocialGames.Web"
		Release.AspNetCompiler.PhysicalPath = "SocialGames.Web\"
		Release.AspNetCompiler.TargetPath = "PrecompiledWeb\SocialGames.Web\"
		Release.AspNetCompiler.Updateable = "true"
		Release.AspNetCompiler.ForceOverwrite = "true"
		Release.AspNetCompiler.FixedNames = "false"
		Release.AspNetCompiler.Debug = "False"
		VWDPort = "4073"
	EndProjectSection
EndProject
Global
	GlobalSection(SolutionConfigurationPlatforms) = preSolution
		Debug|Any CPU = Debug|Any CPU
		Release|Any CPU = Release|Any CPU
	EndGlobalSection
	GlobalSection(ProjectConfigurationPlatforms) = postSolution
		{29CB5209-0D31-41CA-B74E-9BBDCD02C70D}.Debug|Any CPU.ActiveCfg = Debug|Any CPU
		{29CB5209-0D31-41CA-B74E-9BBDCD02C70D}.Debug|Any CPU.Build.0 = Debug|Any CPU
		{29CB5209-0D31-41CA-B74E-9BBDCD02C70D}.Release|Any CPU.ActiveCfg = Release|Any CPU
		{29CB5209-0D31-41CA-B74E-9BBDCD02C70D}.Release|Any CPU.Build.0 = Release|Any CPU
		{DBABC896-3BE3-45D5-87D9-636E7B7B872A}.Debug|Any CPU.ActiveCfg = Debug|Any CPU
		{DBABC896-3BE3-45D5-87D9-636E7B7B872A}.Debug|Any CPU.Build.0 = Debug|Any CPU
		{DBABC896-3BE3-45D5-87D9-636E7B7B872A}.Release|Any CPU.ActiveCfg = Release|Any CPU
		{DBABC896-3BE3-45D5-87D9-636E7B7B872A}.Release|Any CPU.Build.0 = Release|Any CPU
		{52327E55-8D44-4777-9B46-F6E40EA183AB}.Debug|Any CPU.ActiveCfg = Debug|Any CPU
		{52327E55-8D44-4777-9B46-F6E40EA183AB}.Debug|Any CPU.Build.0 = Debug|Any CPU
		{52327E55-8D44-4777-9B46-F6E40EA183AB}.Release|Any CPU.ActiveCfg = Debug|Any CPU
		{52327E55-8D44-4777-9B46-F6E40EA183AB}.Release|Any CPU.Build.0 = Debug|Any CPU
	EndGlobalSection
	GlobalSection(SolutionProperties) = preSolution
		HideSolutionNode = FALSE
	EndGlobalSection
EndGlobal
